
Microsoft Visual Studio Solution File, Format Version 12.00
# Visual Studio 14
VisualStudioVersion = 14.0.25123.0
MinimumVisualStudioVersion = 10.0.40219.1
Project("{FAE04EC0-301F-11D3-BF4B-00C04F79EFBC}") = "CameraApp.Droid", "CameraApp\CameraApp.Droid\CameraApp.Droid.csproj", "{EF54FE9D-E8CF-4B38-80A7-43C93849190F}"
EndProject
Project("{FAE04EC0-301F-11D3-BF4B-00C04F79EFBC}") = "CameraApp.iOS", "CameraApp\CameraApp.iOS\CameraApp.iOS.csproj", "{C3D22D39-0A2C-44B0-916A-B6722E6255E6}"
EndProject
Project("{FAE04EC0-301F-11D3-BF4B-00C04F79EFBC}") = "CameraApp.WinPhone", "CameraApp\CameraApp.WinPhone\CameraApp.WinPhone.csproj", "{17058371-EA95-4263-8FE6-2FA18F156D07}"
EndProject
Project("{FAE04EC0-301F-11D3-BF4B-00C04F79EFBC}") = "CameraApp.UWP", "CameraApp\CameraApp.UWP\CameraApp.UWP.csproj", "{A037447C-90D0-4F7E-B832-9833397ABECD}"
EndProject
Project("{FAE04EC0-301F-11D3-BF4B-00C04F79EFBC}") = "CameraApp.Windows", "CameraApp\CameraApp.Windows\CameraApp.Windows.csproj", "{B27F6D7B-0475-4031-B502-3362FC672F6B}"
EndProject
Project("{FAE04EC0-301F-11D3-BF4B-00C04F79EFBC}") = "CameraApp", "CameraApp\CameraApp\CameraApp.csproj", "{CFDF21B0-2495-4675-9289-11903DA3D34E}"
EndProject
Global
	GlobalSection(SolutionConfigurationPlatforms) = preSolution
		Ad-Hoc|Any CPU = Ad-Hoc|Any CPU
		Ad-Hoc|ARM = Ad-Hoc|ARM
		Ad-Hoc|iPhone = Ad-Hoc|iPhone
		Ad-Hoc|iPhoneSimulator = Ad-Hoc|iPhoneSimulator
		Ad-Hoc|x64 = Ad-Hoc|x64
		Ad-Hoc|x86 = Ad-Hoc|x86
		AppStore|Any CPU = AppStore|Any CPU
		AppStore|ARM = AppStore|ARM
		AppStore|iPhone = AppStore|iPhone
		AppStore|iPhoneSimulator = AppStore|iPhoneSimulator
		AppStore|x64 = AppStore|x64
		AppStore|x86 = AppStore|x86
		Debug|Any CPU = Debug|Any CPU
		Debug|ARM = Debug|ARM
		Debug|iPhone = Debug|iPhone
		Debug|iPhoneSimulator = Debug|iPhoneSimulator
		Debug|x64 = Debug|x64
		Debug|x86 = Debug|x86
		Release|Any CPU = Release|Any CPU
		Release|ARM = Release|ARM
		Release|iPhone = Release|iPhone
		Release|iPhoneSimulator = Release|iPhoneSimulator
		Release|x64 = Release|x64
		Release|x86 = Release|x86
	EndGlobalSection
	GlobalSection(ProjectConfigurationPlatforms) = postSolution
		{EF54FE9D-E8CF-4B38-80A7-43C93849190F}.Ad-Hoc|Any CPU.ActiveCfg = Release|Any CPU
		{EF54FE9D-E8CF-4B38-80A7-43C93849190F}.Ad-Hoc|Any CPU.Build.0 = Release|Any CPU
		{EF54FE9D-E8CF-4B38-80A7-43C93849190F}.Ad-Hoc|Any CPU.Deploy.0 = Release|Any CPU
		{EF54FE9D-E8CF-4B38-80A7-43C93849190F}.Ad-Hoc|ARM.ActiveCfg = Release|Any CPU
		{EF54FE9D-E8CF-4B38-80A7-43C93849190F}.Ad-Hoc|ARM.Build.0 = Release|Any CPU
		{EF54FE9D-E8CF-4B38-80A7-43C93849190F}.Ad-Hoc|ARM.Deploy.0 = Release|Any CPU
		{EF54FE9D-E8CF-4B38-80A7-43C93849190F}.Ad-Hoc|iPhone.ActiveCfg = Release|Any CPU
		{EF54FE9D-E8CF-4B38-80A7-43C93849190F}.Ad-Hoc|iPhone.Build.0 = Release|Any CPU
		{EF54FE9D-E8CF-4B38-80A7-43C93849190F}.Ad-Hoc|iPhone.Deploy.0 = Release|Any CPU
		{EF54FE9D-E8CF-4B38-80A7-43C93849190F}.Ad-Hoc|iPhoneSimulator.ActiveCfg = Release|Any CPU
		{EF54FE9D-E8CF-4B38-80A7-43C93849190F}.Ad-Hoc|iPhoneSimulator.Build.0 = Release|Any CPU
		{EF54FE9D-E8CF-4B38-80A7-43C93849190F}.Ad-Hoc|iPhoneSimulator.Deploy.0 = Release|Any CPU
		{EF54FE9D-E8CF-4B38-80A7-43C93849190F}.Ad-Hoc|x64.ActiveCfg = Release|Any CPU
		{EF54FE9D-E8CF-4B38-80A7-43C93849190F}.Ad-Hoc|x64.Build.0 = Release|Any CPU
		{EF54FE9D-E8CF-4B38-80A7-43C93849190F}.Ad-Hoc|x64.Deploy.0 = Release|Any CPU
		{EF54FE9D-E8CF-4B38-80A7-43C93849190F}.Ad-Hoc|x86.ActiveCfg = Release|Any CPU
		{EF54FE9D-E8CF-4B38-80A7-43C93849190F}.Ad-Hoc|x86.Build.0 = Release|Any CPU
		{EF54FE9D-E8CF-4B38-80A7-43C93849190F}.Ad-Hoc|x86.Deploy.0 = Release|Any CPU
		{EF54FE9D-E8CF-4B38-80A7-43C93849190F}.AppStore|Any CPU.ActiveCfg = Release|Any CPU
		{EF54FE9D-E8CF-4B38-80A7-43C93849190F}.AppStore|Any CPU.Build.0 = Release|Any CPU
		{EF54FE9D-E8CF-4B38-80A7-43C93849190F}.AppStore|Any CPU.Deploy.0 = Release|Any CPU
		{EF54FE9D-E8CF-4B38-80A7-43C93849190F}.AppStore|ARM.ActiveCfg = Release|Any CPU
		{EF54FE9D-E8CF-4B38-80A7-43C93849190F}.AppStore|ARM.Build.0 = Release|Any CPU
		{EF54FE9D-E8CF-4B38-80A7-43C93849190F}.AppStore|ARM.Deploy.0 = Release|Any CPU
		{EF54FE9D-E8CF-4B38-80A7-43C93849190F}.AppStore|iPhone.ActiveCfg = Release|Any CPU
		{EF54FE9D-E8CF-4B38-80A7-43C93849190F}.AppStore|iPhone.Build.0 = Release|Any CPU
		{EF54FE9D-E8CF-4B38-80A7-43C93849190F}.AppStore|iPhone.Deploy.0 = Release|Any CPU
		{EF54FE9D-E8CF-4B38-80A7-43C93849190F}.AppStore|iPhoneSimulator.ActiveCfg = Release|Any CPU
		{EF54FE9D-E8CF-4B38-80A7-43C93849190F}.AppStore|iPhoneSimulator.Build.0 = Release|Any CPU
		{EF54FE9D-E8CF-4B38-80A7-43C93849190F}.AppStore|iPhoneSimulator.Deploy.0 = Release|Any CPU
		{EF54FE9D-E8CF-4B38-80A7-43C93849190F}.AppStore|x64.ActiveCfg = Release|Any CPU
		{EF54FE9D-E8CF-4B38-80A7-43C93849190F}.AppStore|x64.Build.0 = Release|Any CPU
		{EF54FE9D-E8CF-4B38-80A7-43C93849190F}.AppStore|x64.Deploy.0 = Release|Any CPU
		{EF54FE9D-E8CF-4B38-80A7-43C93849190F}.AppStore|x86.ActiveCfg = Release|Any CPU
		{EF54FE9D-E8CF-4B38-80A7-43C93849190F}.AppStore|x86.Build.0 = Release|Any CPU
		{EF54FE9D-E8CF-4B38-80A7-43C93849190F}.AppStore|x86.Deploy.0 = Release|Any CPU
		{EF54FE9D-E8CF-4B38-80A7-43C93849190F}.Debug|Any CPU.ActiveCfg = Debug|Any CPU
		{EF54FE9D-E8CF-4B38-80A7-43C93849190F}.Debug|Any CPU.Build.0 = Debug|Any CPU
		{EF54FE9D-E8CF-4B38-80A7-43C93849190F}.Debug|Any CPU.Deploy.0 = Debug|Any CPU
		{EF54FE9D-E8CF-4B38-80A7-43C93849190F}.Debug|ARM.ActiveCfg = Debug|Any CPU
		{EF54FE9D-E8CF-4B38-80A7-43C93849190F}.Debug|ARM.Build.0 = Debug|Any CPU
		{EF54FE9D-E8CF-4B38-80A7-43C93849190F}.Debug|ARM.Deploy.0 = Debug|Any CPU
		{EF54FE9D-E8CF-4B38-80A7-43C93849190F}.Debug|iPhone.ActiveCfg = Debug|Any CPU
		{EF54FE9D-E8CF-4B38-80A7-43C93849190F}.Debug|iPhone.Build.0 = Debug|Any CPU
		{EF54FE9D-E8CF-4B38-80A7-43C93849190F}.Debug|iPhone.Deploy.0 = Debug|Any CPU
		{EF54FE9D-E8CF-4B38-80A7-43C93849190F}.Debug|iPhoneSimulator.ActiveCfg = Debug|Any CPU
		{EF54FE9D-E8CF-4B38-80A7-43C93849190F}.Debug|iPhoneSimulator.Build.0 = Debug|Any CPU
		{EF54FE9D-E8CF-4B38-80A7-43C93849190F}.Debug|iPhoneSimulator.Deploy.0 = Debug|Any CPU
		{EF54FE9D-E8CF-4B38-80A7-43C93849190F}.Debug|x64.ActiveCfg = Debug|Any CPU
		{EF54FE9D-E8CF-4B38-80A7-43C93849190F}.Debug|x64.Build.0 = Debug|Any CPU
		{EF54FE9D-E8CF-4B38-80A7-43C93849190F}.Debug|x64.Deploy.0 = Debug|Any CPU
		{EF54FE9D-E8CF-4B38-80A7-43C93849190F}.Debug|x86.ActiveCfg = Debug|Any CPU
		{EF54FE9D-E8CF-4B38-80A7-43C93849190F}.Debug|x86.Build.0 = Debug|Any CPU
		{EF54FE9D-E8CF-4B38-80A7-43C93849190F}.Debug|x86.Deploy.0 = Debug|Any CPU
		{EF54FE9D-E8CF-4B38-80A7-43C93849190F}.Release|Any CPU.ActiveCfg = Release|Any CPU
		{EF54FE9D-E8CF-4B38-80A7-43C93849190F}.Release|Any CPU.Build.0 = Release|Any CPU
		{EF54FE9D-E8CF-4B38-80A7-43C93849190F}.Release|Any CPU.Deploy.0 = Release|Any CPU
		{EF54FE9D-E8CF-4B38-80A7-43C93849190F}.Release|ARM.ActiveCfg = Release|Any CPU
		{EF54FE9D-E8CF-4B38-80A7-43C93849190F}.Release|ARM.Build.0 = Release|Any CPU
		{EF54FE9D-E8CF-4B38-80A7-43C93849190F}.Release|ARM.Deploy.0 = Release|Any CPU
		{EF54FE9D-E8CF-4B38-80A7-43C93849190F}.Release|iPhone.ActiveCfg = Release|Any CPU
		{EF54FE9D-E8CF-4B38-80A7-43C93849190F}.Release|iPhone.Build.0 = Release|Any CPU
		{EF54FE9D-E8CF-4B38-80A7-43C93849190F}.Release|iPhone.Deploy.0 = Release|Any CPU
		{EF54FE9D-E8CF-4B38-80A7-43C93849190F}.Release|iPhoneSimulator.ActiveCfg = Release|Any CPU
		{EF54FE9D-E8CF-4B38-80A7-43C93849190F}.Release|iPhoneSimulator.Build.0 = Release|Any CPU
		{EF54FE9D-E8CF-4B38-80A7-43C93849190F}.Release|iPhoneSimulator.Deploy.0 = Release|Any CPU
		{EF54FE9D-E8CF-4B38-80A7-43C93849190F}.Release|x64.ActiveCfg = Release|Any CPU
		{EF54FE9D-E8CF-4B38-80A7-43C93849190F}.Release|x64.Build.0 = Release|Any CPU
		{EF54FE9D-E8CF-4B38-80A7-43C93849190F}.Release|x64.Deploy.0 = Release|Any CPU
		{EF54FE9D-E8CF-4B38-80A7-43C93849190F}.Release|x86.ActiveCfg = Release|Any CPU
		{EF54FE9D-E8CF-4B38-80A7-43C93849190F}.Release|x86.Build.0 = Release|Any CPU
		{EF54FE9D-E8CF-4B38-80A7-43C93849190F}.Release|x86.Deploy.0 = Release|Any CPU
		{C3D22D39-0A2C-44B0-916A-B6722E6255E6}.Ad-Hoc|Any CPU.ActiveCfg = Ad-Hoc|iPhone
		{C3D22D39-0A2C-44B0-916A-B6722E6255E6}.Ad-Hoc|ARM.ActiveCfg = Ad-Hoc|iPhone
		{C3D22D39-0A2C-44B0-916A-B6722E6255E6}.Ad-Hoc|iPhone.ActiveCfg = Ad-Hoc|iPhone
		{C3D22D39-0A2C-44B0-916A-B6722E6255E6}.Ad-Hoc|iPhone.Build.0 = Ad-Hoc|iPhone
		{C3D22D39-0A2C-44B0-916A-B6722E6255E6}.Ad-Hoc|iPhoneSimulator.ActiveCfg = Ad-Hoc|iPhoneSimulator
		{C3D22D39-0A2C-44B0-916A-B6722E6255E6}.Ad-Hoc|iPhoneSimulator.Build.0 = Ad-Hoc|iPhoneSimulator
		{C3D22D39-0A2C-44B0-916A-B6722E6255E6}.Ad-Hoc|x64.ActiveCfg = Ad-Hoc|iPhone
		{C3D22D39-0A2C-44B0-916A-B6722E6255E6}.Ad-Hoc|x86.ActiveCfg = Ad-Hoc|iPhone
		{C3D22D39-0A2C-44B0-916A-B6722E6255E6}.AppStore|Any CPU.ActiveCfg = AppStore|iPhone
		{C3D22D39-0A2C-44B0-916A-B6722E6255E6}.AppStore|ARM.ActiveCfg = AppStore|iPhone
		{C3D22D39-0A2C-44B0-916A-B6722E6255E6}.AppStore|iPhone.ActiveCfg = AppStore|iPhone
		{C3D22D39-0A2C-44B0-916A-B6722E6255E6}.AppStore|iPhone.Build.0 = AppStore|iPhone
		{C3D22D39-0A2C-44B0-916A-B6722E6255E6}.AppStore|iPhoneSimulator.ActiveCfg = AppStore|iPhoneSimulator
		{C3D22D39-0A2C-44B0-916A-B6722E6255E6}.AppStore|iPhoneSimulator.Build.0 = AppStore|iPhoneSimulator
		{C3D22D39-0A2C-44B0-916A-B6722E6255E6}.AppStore|x64.ActiveCfg = AppStore|iPhone
		{C3D22D39-0A2C-44B0-916A-B6722E6255E6}.AppStore|x86.ActiveCfg = AppStore|iPhone
		{C3D22D39-0A2C-44B0-916A-B6722E6255E6}.Debug|Any CPU.ActiveCfg = Debug|iPhone
		{C3D22D39-0A2C-44B0-916A-B6722E6255E6}.Debug|ARM.ActiveCfg = Debug|iPhone
		{C3D22D39-0A2C-44B0-916A-B6722E6255E6}.Debug|iPhone.ActiveCfg = Debug|iPhone
		{C3D22D39-0A2C-44B0-916A-B6722E6255E6}.Debug|iPhone.Build.0 = Debug|iPhone
		{C3D22D39-0A2C-44B0-916A-B6722E6255E6}.Debug|iPhoneSimulator.ActiveCfg = Debug|iPhoneSimulator
		{C3D22D39-0A2C-44B0-916A-B6722E6255E6}.Debug|iPhoneSimulator.Build.0 = Debug|iPhoneSimulator
		{C3D22D39-0A2C-44B0-916A-B6722E6255E6}.Debug|x64.ActiveCfg = Debug|iPhone
		{C3D22D39-0A2C-44B0-916A-B6722E6255E6}.Debug|x86.ActiveCfg = Debug|iPhone
		{C3D22D39-0A2C-44B0-916A-B6722E6255E6}.Release|Any CPU.ActiveCfg = Release|iPhone
		{C3D22D39-0A2C-44B0-916A-B6722E6255E6}.Release|ARM.ActiveCfg = Release|iPhone
		{C3D22D39-0A2C-44B0-916A-B6722E6255E6}.Release|iPhone.ActiveCfg = Release|iPhone
		{C3D22D39-0A2C-44B0-916A-B6722E6255E6}.Release|iPhone.Build.0 = Release|iPhone
		{C3D22D39-0A2C-44B0-916A-B6722E6255E6}.Release|iPhoneSimulator.ActiveCfg = Release|iPhoneSimulator
		{C3D22D39-0A2C-44B0-916A-B6722E6255E6}.Release|iPhoneSimulator.Build.0 = Release|iPhoneSimulator
		{C3D22D39-0A2C-44B0-916A-B6722E6255E6}.Release|x64.ActiveCfg = Release|iPhone
		{C3D22D39-0A2C-44B0-916A-B6722E6255E6}.Release|x86.ActiveCfg = Release|iPhone
		{17058371-EA95-4263-8FE6-2FA18F156D07}.Ad-Hoc|Any CPU.ActiveCfg = Release|Any CPU
		{17058371-EA95-4263-8FE6-2FA18F156D07}.Ad-Hoc|Any CPU.Build.0 = Release|Any CPU
		{17058371-EA95-4263-8FE6-2FA18F156D07}.Ad-Hoc|Any CPU.Deploy.0 = Release|Any CPU
		{17058371-EA95-4263-8FE6-2FA18F156D07}.Ad-Hoc|ARM.ActiveCfg = Release|ARM
		{17058371-EA95-4263-8FE6-2FA18F156D07}.Ad-Hoc|ARM.Build.0 = Release|ARM
		{17058371-EA95-4263-8FE6-2FA18F156D07}.Ad-Hoc|ARM.Deploy.0 = Release|ARM
		{17058371-EA95-4263-8FE6-2FA18F156D07}.Ad-Hoc|iPhone.ActiveCfg = Release|Any CPU
		{17058371-EA95-4263-8FE6-2FA18F156D07}.Ad-Hoc|iPhone.Build.0 = Release|Any CPU
		{17058371-EA95-4263-8FE6-2FA18F156D07}.Ad-Hoc|iPhone.Deploy.0 = Release|Any CPU
		{17058371-EA95-4263-8FE6-2FA18F156D07}.Ad-Hoc|iPhoneSimulator.ActiveCfg = Release|Any CPU
		{17058371-EA95-4263-8FE6-2FA18F156D07}.Ad-Hoc|iPhoneSimulator.Build.0 = Release|Any CPU
		{17058371-EA95-4263-8FE6-2FA18F156D07}.Ad-Hoc|iPhoneSimulator.Deploy.0 = Release|Any CPU
		{17058371-EA95-4263-8FE6-2FA18F156D07}.Ad-Hoc|x64.ActiveCfg = Release|Any CPU
		{17058371-EA95-4263-8FE6-2FA18F156D07}.Ad-Hoc|x64.Build.0 = Release|Any CPU
		{17058371-EA95-4263-8FE6-2FA18F156D07}.Ad-Hoc|x64.Deploy.0 = Release|Any CPU
		{17058371-EA95-4263-8FE6-2FA18F156D07}.Ad-Hoc|x86.ActiveCfg = Release|x86
		{17058371-EA95-4263-8FE6-2FA18F156D07}.Ad-Hoc|x86.Build.0 = Release|x86
		{17058371-EA95-4263-8FE6-2FA18F156D07}.Ad-Hoc|x86.Deploy.0 = Release|x86
		{17058371-EA95-4263-8FE6-2FA18F156D07}.AppStore|Any CPU.ActiveCfg = Release|Any CPU
		{17058371-EA95-4263-8FE6-2FA18F156D07}.AppStore|Any CPU.Build.0 = Release|Any CPU
		{17058371-EA95-4263-8FE6-2FA18F156D07}.AppStore|Any CPU.Deploy.0 = Release|Any CPU
		{17058371-EA95-4263-8FE6-2FA18F156D07}.AppStore|ARM.ActiveCfg = Release|ARM
		{17058371-EA95-4263-8FE6-2FA18F156D07}.AppStore|ARM.Build.0 = Release|ARM
		{17058371-EA95-4263-8FE6-2FA18F156D07}.AppStore|ARM.Deploy.0 = Release|ARM
		{17058371-EA95-4263-8FE6-2FA18F156D07}.AppStore|iPhone.ActiveCfg = Release|Any CPU
		{17058371-EA95-4263-8FE6-2FA18F156D07}.AppStore|iPhone.Build.0 = Release|Any CPU
		{17058371-EA95-4263-8FE6-2FA18F156D07}.AppStore|iPhone.Deploy.0 = Release|Any CPU
		{17058371-EA95-4263-8FE6-2FA18F156D07}.AppStore|iPhoneSimulator.ActiveCfg = Release|Any CPU
		{17058371-EA95-4263-8FE6-2FA18F156D07}.AppStore|iPhoneSimulator.Build.0 = Release|Any CPU
		{17058371-EA95-4263-8FE6-2FA18F156D07}.AppStore|iPhoneSimulator.Deploy.0 = Release|Any CPU
		{17058371-EA95-4263-8FE6-2FA18F156D07}.AppStore|x64.ActiveCfg = Release|Any CPU
		{17058371-EA95-4263-8FE6-2FA18F156D07}.AppStore|x64.Build.0 = Release|Any CPU
		{17058371-EA95-4263-8FE6-2FA18F156D07}.AppStore|x64.Deploy.0 = Release|Any CPU
		{17058371-EA95-4263-8FE6-2FA18F156D07}.AppStore|x86.ActiveCfg = Release|x86
		{17058371-EA95-4263-8FE6-2FA18F156D07}.AppStore|x86.Build.0 = Release|x86
		{17058371-EA95-4263-8FE6-2FA18F156D07}.AppStore|x86.Deploy.0 = Release|x86
		{17058371-EA95-4263-8FE6-2FA18F156D07}.Debug|Any CPU.ActiveCfg = Debug|Any CPU
		{17058371-EA95-4263-8FE6-2FA18F156D07}.Debug|Any CPU.Build.0 = Debug|Any CPU
		{17058371-EA95-4263-8FE6-2FA18F156D07}.Debug|Any CPU.Deploy.0 = Debug|Any CPU
		{17058371-EA95-4263-8FE6-2FA18F156D07}.Debug|ARM.ActiveCfg = Debug|ARM
		{17058371-EA95-4263-8FE6-2FA18F156D07}.Debug|ARM.Build.0 = Debug|ARM
		{17058371-EA95-4263-8FE6-2FA18F156D07}.Debug|ARM.Deploy.0 = Debug|ARM
		{17058371-EA95-4263-8FE6-2FA18F156D07}.Debug|iPhone.ActiveCfg = Debug|Any CPU
		{17058371-EA95-4263-8FE6-2FA18F156D07}.Debug|iPhone.Build.0 = Debug|Any CPU
		{17058371-EA95-4263-8FE6-2FA18F156D07}.Debug|iPhone.Deploy.0 = Debug|Any CPU
		{17058371-EA95-4263-8FE6-2FA18F156D07}.Debug|iPhoneSimulator.ActiveCfg = Debug|Any CPU
		{17058371-EA95-4263-8FE6-2FA18F156D07}.Debug|iPhoneSimulator.Build.0 = Debug|Any CPU
		{17058371-EA95-4263-8FE6-2FA18F156D07}.Debug|iPhoneSimulator.Deploy.0 = Debug|Any CPU
		{17058371-EA95-4263-8FE6-2FA18F156D07}.Debug|x64.ActiveCfg = Debug|Any CPU
		{17058371-EA95-4263-8FE6-2FA18F156D07}.Debug|x64.Build.0 = Debug|Any CPU
		{17058371-EA95-4263-8FE6-2FA18F156D07}.Debug|x64.Deploy.0 = Debug|Any CPU
		{17058371-EA95-4263-8FE6-2FA18F156D07}.Debug|x86.ActiveCfg = Debug|x86
		{17058371-EA95-4263-8FE6-2FA18F156D07}.Debug|x86.Build.0 = Debug|x86
		{17058371-EA95-4263-8FE6-2FA18F156D07}.Debug|x86.Deploy.0 = Debug|x86
		{17058371-EA95-4263-8FE6-2FA18F156D07}.Release|Any CPU.ActiveCfg = Release|Any CPU
		{17058371-EA95-4263-8FE6-2FA18F156D07}.Release|Any CPU.Build.0 = Release|Any CPU
		{17058371-EA95-4263-8FE6-2FA18F156D07}.Release|Any CPU.Deploy.0 = Release|Any CPU
		{17058371-EA95-4263-8FE6-2FA18F156D07}.Release|ARM.ActiveCfg = Release|ARM
		{17058371-EA95-4263-8FE6-2FA18F156D07}.Release|ARM.Build.0 = Release|ARM
		{17058371-EA95-4263-8FE6-2FA18F156D07}.Release|ARM.Deploy.0 = Release|ARM
		{17058371-EA95-4263-8FE6-2FA18F156D07}.Release|iPhone.ActiveCfg = Release|Any CPU
		{17058371-EA95-4263-8FE6-2FA18F156D07}.Release|iPhone.Build.0 = Release|Any CPU
		{17058371-EA95-4263-8FE6-2FA18F156D07}.Release|iPhone.Deploy.0 = Release|Any CPU
		{17058371-EA95-4263-8FE6-2FA18F156D07}.Release|iPhoneSimulator.ActiveCfg = Release|Any CPU
		{17058371-EA95-4263-8FE6-2FA18F156D07}.Release|iPhoneSimulator.Build.0 = Release|Any CPU
		{17058371-EA95-4263-8FE6-2FA18F156D07}.Release|iPhoneSimulator.Deploy.0 = Release|Any CPU
		{17058371-EA95-4263-8FE6-2FA18F156D07}.Release|x64.ActiveCfg = Release|Any CPU
		{17058371-EA95-4263-8FE6-2FA18F156D07}.Release|x64.Build.0 = Release|Any CPU
		{17058371-EA95-4263-8FE6-2FA18F156D07}.Release|x64.Deploy.0 = Release|Any CPU
		{17058371-EA95-4263-8FE6-2FA18F156D07}.Release|x86.ActiveCfg = Release|x86
		{17058371-EA95-4263-8FE6-2FA18F156D07}.Release|x86.Build.0 = Release|x86
		{17058371-EA95-4263-8FE6-2FA18F156D07}.Release|x86.Deploy.0 = Release|x86
		{A037447C-90D0-4F7E-B832-9833397ABECD}.Ad-Hoc|Any CPU.ActiveCfg = Release|x86
		{A037447C-90D0-4F7E-B832-9833397ABECD}.Ad-Hoc|Any CPU.Build.0 = Release|x86
		{A037447C-90D0-4F7E-B832-9833397ABECD}.Ad-Hoc|Any CPU.Deploy.0 = Release|x86
		{A037447C-90D0-4F7E-B832-9833397ABECD}.Ad-Hoc|ARM.ActiveCfg = Release|ARM
		{A037447C-90D0-4F7E-B832-9833397ABECD}.Ad-Hoc|ARM.Build.0 = Release|ARM
		{A037447C-90D0-4F7E-B832-9833397ABECD}.Ad-Hoc|ARM.Deploy.0 = Release|ARM
		{A037447C-90D0-4F7E-B832-9833397ABECD}.Ad-Hoc|iPhone.ActiveCfg = Release|x86
		{A037447C-90D0-4F7E-B832-9833397ABECD}.Ad-Hoc|iPhone.Build.0 = Release|x86
		{A037447C-90D0-4F7E-B832-9833397ABECD}.Ad-Hoc|iPhone.Deploy.0 = Release|x86
		{A037447C-90D0-4F7E-B832-9833397ABECD}.Ad-Hoc|iPhoneSimulator.ActiveCfg = Release|x86
		{A037447C-90D0-4F7E-B832-9833397ABECD}.Ad-Hoc|iPhoneSimulator.Build.0 = Release|x86
		{A037447C-90D0-4F7E-B832-9833397ABECD}.Ad-Hoc|iPhoneSimulator.Deploy.0 = Release|x86
		{A037447C-90D0-4F7E-B832-9833397ABECD}.Ad-Hoc|x64.ActiveCfg = Release|x64
		{A037447C-90D0-4F7E-B832-9833397ABECD}.Ad-Hoc|x64.Build.0 = Release|x64
		{A037447C-90D0-4F7E-B832-9833397ABECD}.Ad-Hoc|x64.Deploy.0 = Release|x64
		{A037447C-90D0-4F7E-B832-9833397ABECD}.Ad-Hoc|x86.ActiveCfg = Release|x86
		{A037447C-90D0-4F7E-B832-9833397ABECD}.Ad-Hoc|x86.Build.0 = Release|x86
		{A037447C-90D0-4F7E-B832-9833397ABECD}.Ad-Hoc|x86.Deploy.0 = Release|x86
		{A037447C-90D0-4F7E-B832-9833397ABECD}.AppStore|Any CPU.ActiveCfg = Release|x86
		{A037447C-90D0-4F7E-B832-9833397ABECD}.AppStore|Any CPU.Build.0 = Release|x86
		{A037447C-90D0-4F7E-B832-9833397ABECD}.AppStore|Any CPU.Deploy.0 = Release|x86
		{A037447C-90D0-4F7E-B832-9833397ABECD}.AppStore|ARM.ActiveCfg = Release|ARM
		{A037447C-90D0-4F7E-B832-9833397ABECD}.AppStore|ARM.Build.0 = Release|ARM
		{A037447C-90D0-4F7E-B832-9833397ABECD}.AppStore|ARM.Deploy.0 = Release|ARM
		{A037447C-90D0-4F7E-B832-9833397ABECD}.AppStore|iPhone.ActiveCfg = Release|x86
		{A037447C-90D0-4F7E-B832-9833397ABECD}.AppStore|iPhone.Build.0 = Release|x86
		{A037447C-90D0-4F7E-B832-9833397ABECD}.AppStore|iPhone.Deploy.0 = Release|x86
		{A037447C-90D0-4F7E-B832-9833397ABECD}.AppStore|iPhoneSimulator.ActiveCfg = Release|x86
		{A037447C-90D0-4F7E-B832-9833397ABECD}.AppStore|iPhoneSimulator.Build.0 = Release|x86
		{A037447C-90D0-4F7E-B832-9833397ABECD}.AppStore|iPhoneSimulator.Deploy.0 = Release|x86
		{A037447C-90D0-4F7E-B832-9833397ABECD}.AppStore|x64.ActiveCfg = Release|x64
		{A037447C-90D0-4F7E-B832-9833397ABECD}.AppStore|x64.Build.0 = Release|x64
		{A037447C-90D0-4F7E-B832-9833397ABECD}.AppStore|x64.Deploy.0 = Release|x64
		{A037447C-90D0-4F7E-B832-9833397ABECD}.AppStore|x86.ActiveCfg = Release|x86
		{A037447C-90D0-4F7E-B832-9833397ABECD}.AppStore|x86.Build.0 = Release|x86
		{A037447C-90D0-4F7E-B832-9833397ABECD}.AppStore|x86.Deploy.0 = Release|x86
		{A037447C-90D0-4F7E-B832-9833397ABECD}.Debug|Any CPU.ActiveCfg = Debug|x86
		{A037447C-90D0-4F7E-B832-9833397ABECD}.Debug|ARM.ActiveCfg = Debug|ARM
		{A037447C-90D0-4F7E-B832-9833397ABECD}.Debug|ARM.Build.0 = Debug|ARM
		{A037447C-90D0-4F7E-B832-9833397ABECD}.Debug|ARM.Deploy.0 = Debug|ARM
		{A037447C-90D0-4F7E-B832-9833397ABECD}.Debug|iPhone.ActiveCfg = Debug|x86
		{A037447C-90D0-4F7E-B832-9833397ABECD}.Debug|iPhoneSimulator.ActiveCfg = Debug|x86
		{A037447C-90D0-4F7E-B832-9833397ABECD}.Debug|x64.ActiveCfg = Debug|x64
		{A037447C-90D0-4F7E-B832-9833397ABECD}.Debug|x64.Build.0 = Debug|x64
		{A037447C-90D0-4F7E-B832-9833397ABECD}.Debug|x64.Deploy.0 = Debug|x64
		{A037447C-90D0-4F7E-B832-9833397ABECD}.Debug|x86.ActiveCfg = Debug|x86
		{A037447C-90D0-4F7E-B832-9833397ABECD}.Debug|x86.Build.0 = Debug|x86
		{A037447C-90D0-4F7E-B832-9833397ABECD}.Debug|x86.Deploy.0 = Debug|x86
		{A037447C-90D0-4F7E-B832-9833397ABECD}.Release|Any CPU.ActiveCfg = Release|x86
		{A037447C-90D0-4F7E-B832-9833397ABECD}.Release|ARM.ActiveCfg = Release|ARM
		{A037447C-90D0-4F7E-B832-9833397ABECD}.Release|ARM.Build.0 = Release|ARM
		{A037447C-90D0-4F7E-B832-9833397ABECD}.Release|ARM.Deploy.0 = Release|ARM
		{A037447C-90D0-4F7E-B832-9833397ABECD}.Release|iPhone.ActiveCfg = Release|x86
		{A037447C-90D0-4F7E-B832-9833397ABECD}.Release|iPhoneSimulator.ActiveCfg = Release|x86
		{A037447C-90D0-4F7E-B832-9833397ABECD}.Release|x64.ActiveCfg = Release|x64
		{A037447C-90D0-4F7E-B832-9833397ABECD}.Release|x64.Build.0 = Release|x64
		{A037447C-90D0-4F7E-B832-9833397ABECD}.Release|x64.Deploy.0 = Release|x64
		{A037447C-90D0-4F7E-B832-9833397ABECD}.Release|x86.ActiveCfg = Release|x86
		{A037447C-90D0-4F7E-B832-9833397ABECD}.Release|x86.Build.0 = Release|x86
		{A037447C-90D0-4F7E-B832-9833397ABECD}.Release|x86.Deploy.0 = Release|x86
		{B27F6D7B-0475-4031-B502-3362FC672F6B}.Ad-Hoc|Any CPU.ActiveCfg = Release|Any CPU
		{B27F6D7B-0475-4031-B502-3362FC672F6B}.Ad-Hoc|Any CPU.Build.0 = Release|Any CPU
		{B27F6D7B-0475-4031-B502-3362FC672F6B}.Ad-Hoc|Any CPU.Deploy.0 = Release|Any CPU
		{B27F6D7B-0475-4031-B502-3362FC672F6B}.Ad-Hoc|ARM.ActiveCfg = Release|ARM
		{B27F6D7B-0475-4031-B502-3362FC672F6B}.Ad-Hoc|ARM.Build.0 = Release|ARM
		{B27F6D7B-0475-4031-B502-3362FC672F6B}.Ad-Hoc|ARM.Deploy.0 = Release|ARM
		{B27F6D7B-0475-4031-B502-3362FC672F6B}.Ad-Hoc|iPhone.ActiveCfg = Release|Any CPU
		{B27F6D7B-0475-4031-B502-3362FC672F6B}.Ad-Hoc|iPhone.Build.0 = Release|Any CPU
		{B27F6D7B-0475-4031-B502-3362FC672F6B}.Ad-Hoc|iPhone.Deploy.0 = Release|Any CPU
		{B27F6D7B-0475-4031-B502-3362FC672F6B}.Ad-Hoc|iPhoneSimulator.ActiveCfg = Release|Any CPU
		{B27F6D7B-0475-4031-B502-3362FC672F6B}.Ad-Hoc|iPhoneSimulator.Build.0 = Release|Any CPU
		{B27F6D7B-0475-4031-B502-3362FC672F6B}.Ad-Hoc|iPhoneSimulator.Deploy.0 = Release|Any CPU
		{B27F6D7B-0475-4031-B502-3362FC672F6B}.Ad-Hoc|x64.ActiveCfg = Release|x64
		{B27F6D7B-0475-4031-B502-3362FC672F6B}.Ad-Hoc|x64.Build.0 = Release|x64
		{B27F6D7B-0475-4031-B502-3362FC672F6B}.Ad-Hoc|x64.Deploy.0 = Release|x64
		{B27F6D7B-0475-4031-B502-3362FC672F6B}.Ad-Hoc|x86.ActiveCfg = Release|x86
		{B27F6D7B-0475-4031-B502-3362FC672F6B}.Ad-Hoc|x86.Build.0 = Release|x86
		{B27F6D7B-0475-4031-B502-3362FC672F6B}.Ad-Hoc|x86.Deploy.0 = Release|x86
		{B27F6D7B-0475-4031-B502-3362FC672F6B}.AppStore|Any CPU.ActiveCfg = Release|Any CPU
		{B27F6D7B-0475-4031-B502-3362FC672F6B}.AppStore|Any CPU.Build.0 = Release|Any CPU
		{B27F6D7B-0475-4031-B502-3362FC672F6B}.AppStore|Any CPU.Deploy.0 = Release|Any CPU
		{B27F6D7B-0475-4031-B502-3362FC672F6B}.AppStore|ARM.ActiveCfg = Release|ARM
		{B27F6D7B-0475-4031-B502-3362FC672F6B}.AppStore|ARM.Build.0 = Release|ARM
		{B27F6D7B-0475-4031-B502-3362FC672F6B}.AppStore|ARM.Deploy.0 = Release|ARM
		{B27F6D7B-0475-4031-B502-3362FC672F6B}.AppStore|iPhone.ActiveCfg = Release|Any CPU
		{B27F6D7B-0475-4031-B502-3362FC672F6B}.AppStore|iPhone.Build.0 = Release|Any CPU
		{B27F6D7B-0475-4031-B502-3362FC672F6B}.AppStore|iPhone.Deploy.0 = Release|Any CPU
		{B27F6D7B-0475-4031-B502-3362FC672F6B}.AppStore|iPhoneSimulator.ActiveCfg = Release|Any CPU
		{B27F6D7B-0475-4031-B502-3362FC672F6B}.AppStore|iPhoneSimulator.Build.0 = Release|Any CPU
		{B27F6D7B-0475-4031-B502-3362FC672F6B}.AppStore|iPhoneSimulator.Deploy.0 = Release|Any CPU
		{B27F6D7B-0475-4031-B502-3362FC672F6B}.AppStore|x64.ActiveCfg = Release|x64
		{B27F6D7B-0475-4031-B502-3362FC672F6B}.AppStore|x64.Build.0 = Release|x64
		{B27F6D7B-0475-4031-B502-3362FC672F6B}.AppStore|x64.Deploy.0 = Release|x64
		{B27F6D7B-0475-4031-B502-3362FC672F6B}.AppStore|x86.ActiveCfg = Release|x86
		{B27F6D7B-0475-4031-B502-3362FC672F6B}.AppStore|x86.Build.0 = Release|x86
		{B27F6D7B-0475-4031-B502-3362FC672F6B}.AppStore|x86.Deploy.0 = Release|x86
		{B27F6D7B-0475-4031-B502-3362FC672F6B}.Debug|Any CPU.ActiveCfg = Debug|Any CPU
		{B27F6D7B-0475-4031-B502-3362FC672F6B}.Debug|Any CPU.Build.0 = Debug|Any CPU
		{B27F6D7B-0475-4031-B502-3362FC672F6B}.Debug|Any CPU.Deploy.0 = Debug|Any CPU
		{B27F6D7B-0475-4031-B502-3362FC672F6B}.Debug|ARM.ActiveCfg = Debug|ARM
		{B27F6D7B-0475-4031-B502-3362FC672F6B}.Debug|ARM.Build.0 = Debug|ARM
		{B27F6D7B-0475-4031-B502-3362FC672F6B}.Debug|ARM.Deploy.0 = Debug|ARM
		{B27F6D7B-0475-4031-B502-3362FC672F6B}.Debug|iPhone.ActiveCfg = Debug|Any CPU
		{B27F6D7B-0475-4031-B502-3362FC672F6B}.Debug|iPhone.Build.0 = Debug|Any CPU
		{B27F6D7B-0475-4031-B502-3362FC672F6B}.Debug|iPhone.Deploy.0 = Debug|Any CPU
		{B27F6D7B-0475-4031-B502-3362FC672F6B}.Debug|iPhoneSimulator.ActiveCfg = Debug|Any CPU
		{B27F6D7B-0475-4031-B502-3362FC672F6B}.Debug|iPhoneSimulator.Build.0 = Debug|Any CPU
		{B27F6D7B-0475-4031-B502-3362FC672F6B}.Debug|iPhoneSimulator.Deploy.0 = Debug|Any CPU
		{B27F6D7B-0475-4031-B502-3362FC672F6B}.Debug|x64.ActiveCfg = Debug|x64
		{B27F6D7B-0475-4031-B502-3362FC672F6B}.Debug|x64.Build.0 = Debug|x64
		{B27F6D7B-0475-4031-B502-3362FC672F6B}.Debug|x64.Deploy.0 = Debug|x64
		{B27F6D7B-0475-4031-B502-3362FC672F6B}.Debug|x86.ActiveCfg = Debug|x86
		{B27F6D7B-0475-4031-B502-3362FC672F6B}.Debug|x86.Build.0 = Debug|x86
		{B27F6D7B-0475-4031-B502-3362FC672F6B}.Debug|x86.Deploy.0 = Debug|x86
		{B27F6D7B-0475-4031-B502-3362FC672F6B}.Release|Any CPU.ActiveCfg = Release|Any CPU
		{B27F6D7B-0475-4031-B502-3362FC672F6B}.Release|Any CPU.Build.0 = Release|Any CPU
		{B27F6D7B-0475-4031-B502-3362FC672F6B}.Release|Any CPU.Deploy.0 = Release|Any CPU
		{B27F6D7B-0475-4031-B502-3362FC672F6B}.Release|ARM.ActiveCfg = Release|ARM
		{B27F6D7B-0475-4031-B502-3362FC672F6B}.Release|ARM.Build.0 = Release|ARM
		{B27F6D7B-0475-4031-B502-3362FC672F6B}.Release|ARM.Deploy.0 = Release|ARM
		{B27F6D7B-0475-4031-B502-3362FC672F6B}.Release|iPhone.ActiveCfg = Release|Any CPU
		{B27F6D7B-0475-4031-B502-3362FC672F6B}.Release|iPhone.Build.0 = Release|Any CPU
		{B27F6D7B-0475-4031-B502-3362FC672F6B}.Release|iPhone.Deploy.0 = Release|Any CPU
		{B27F6D7B-0475-4031-B502-3362FC672F6B}.Release|iPhoneSimulator.ActiveCfg = Release|Any CPU
		{B27F6D7B-0475-4031-B502-3362FC672F6B}.Release|iPhoneSimulator.Build.0 = Release|Any CPU
		{B27F6D7B-0475-4031-B502-3362FC672F6B}.Release|iPhoneSimulator.Deploy.0 = Release|Any CPU
		{B27F6D7B-0475-4031-B502-3362FC672F6B}.Release|x64.ActiveCfg = Release|x64
		{B27F6D7B-0475-4031-B502-3362FC672F6B}.Release|x64.Build.0 = Release|x64
		{B27F6D7B-0475-4031-B502-3362FC672F6B}.Release|x64.Deploy.0 = Release|x64
		{B27F6D7B-0475-4031-B502-3362FC672F6B}.Release|x86.ActiveCfg = Release|x86
		{B27F6D7B-0475-4031-B502-3362FC672F6B}.Release|x86.Build.0 = Release|x86
		{B27F6D7B-0475-4031-B502-3362FC672F6B}.Release|x86.Deploy.0 = Release|x86
		{CFDF21B0-2495-4675-9289-11903DA3D34E}.Ad-Hoc|Any CPU.ActiveCfg = Release|Any CPU
		{CFDF21B0-2495-4675-9289-11903DA3D34E}.Ad-Hoc|Any CPU.Build.0 = Release|Any CPU
		{CFDF21B0-2495-4675-9289-11903DA3D34E}.Ad-Hoc|ARM.ActiveCfg = Release|Any CPU
		{CFDF21B0-2495-4675-9289-11903DA3D34E}.Ad-Hoc|ARM.Build.0 = Release|Any CPU
		{CFDF21B0-2495-4675-9289-11903DA3D34E}.Ad-Hoc|iPhone.ActiveCfg = Release|Any CPU
		{CFDF21B0-2495-4675-9289-11903DA3D34E}.Ad-Hoc|iPhone.Build.0 = Release|Any CPU
		{CFDF21B0-2495-4675-9289-11903DA3D34E}.Ad-Hoc|iPhoneSimulator.ActiveCfg = Release|Any CPU
		{CFDF21B0-2495-4675-9289-11903DA3D34E}.Ad-Hoc|iPhoneSimulator.Build.0 = Release|Any CPU
		{CFDF21B0-2495-4675-9289-11903DA3D34E}.Ad-Hoc|x64.ActiveCfg = Release|Any CPU
		{CFDF21B0-2495-4675-9289-11903DA3D34E}.Ad-Hoc|x64.Build.0 = Release|Any CPU
		{CFDF21B0-2495-4675-9289-11903DA3D34E}.Ad-Hoc|x86.ActiveCfg = Release|Any CPU
		{CFDF21B0-2495-4675-9289-11903DA3D34E}.Ad-Hoc|x86.Build.0 = Release|Any CPU
		{CFDF21B0-2495-4675-9289-11903DA3D34E}.AppStore|Any CPU.ActiveCfg = Release|Any CPU
		{CFDF21B0-2495-4675-9289-11903DA3D34E}.AppStore|Any CPU.Build.0 = Release|Any CPU
		{CFDF21B0-2495-4675-9289-11903DA3D34E}.AppStore|ARM.ActiveCfg = Release|Any CPU
		{CFDF21B0-2495-4675-9289-11903DA3D34E}.AppStore|ARM.Build.0 = Release|Any CPU
		{CFDF21B0-2495-4675-9289-11903DA3D34E}.AppStore|iPhone.ActiveCfg = Release|Any CPU
		{CFDF21B0-2495-4675-9289-11903DA3D34E}.AppStore|iPhone.Build.0 = Release|Any CPU
		{CFDF21B0-2495-4675-9289-11903DA3D34E}.AppStore|iPhoneSimulator.ActiveCfg = Release|Any CPU
		{CFDF21B0-2495-4675-9289-11903DA3D34E}.AppStore|iPhoneSimulator.Build.0 = Release|Any CPU
		{CFDF21B0-2495-4675-9289-11903DA3D34E}.AppStore|x64.ActiveCfg = Release|Any CPU
		{CFDF21B0-2495-4675-9289-11903DA3D34E}.AppStore|x64.Build.0 = Release|Any CPU
		{CFDF21B0-2495-4675-9289-11903DA3D34E}.AppStore|x86.ActiveCfg = Release|Any CPU
		{CFDF21B0-2495-4675-9289-11903DA3D34E}.AppStore|x86.Build.0 = Release|Any CPU
		{CFDF21B0-2495-4675-9289-11903DA3D34E}.Debug|Any CPU.ActiveCfg = Debug|Any CPU
		{CFDF21B0-2495-4675-9289-11903DA3D34E}.Debug|Any CPU.Build.0 = Debug|Any CPU
		{CFDF21B0-2495-4675-9289-11903DA3D34E}.Debug|ARM.ActiveCfg = Debug|Any CPU
		{CFDF21B0-2495-4675-9289-11903DA3D34E}.Debug|ARM.Build.0 = Debug|Any CPU
		{CFDF21B0-2495-4675-9289-11903DA3D34E}.Debug|iPhone.ActiveCfg = Debug|Any CPU
		{CFDF21B0-2495-4675-9289-11903DA3D34E}.Debug|iPhone.Build.0 = Debug|Any CPU
		{CFDF21B0-2495-4675-9289-11903DA3D34E}.Debug|iPhoneSimulator.ActiveCfg = Debug|Any CPU
		{CFDF21B0-2495-4675-9289-11903DA3D34E}.Debug|iPhoneSimulator.Build.0 = Debug|Any CPU
		{CFDF21B0-2495-4675-9289-11903DA3D34E}.Debug|x64.ActiveCfg = Debug|Any CPU
		{CFDF21B0-2495-4675-9289-11903DA3D34E}.Debug|x64.Build.0 = Debug|Any CPU
		{CFDF21B0-2495-4675-9289-11903DA3D34E}.Debug|x86.ActiveCfg = Debug|Any CPU
		{CFDF21B0-2495-4675-9289-11903DA3D34E}.Debug|x86.Build.0 = Debug|Any CPU
		{CFDF21B0-2495-4675-9289-11903DA3D34E}.Release|Any CPU.ActiveCfg = Release|Any CPU
		{CFDF21B0-2495-4675-9289-11903DA3D34E}.Release|Any CPU.Build.0 = Release|Any CPU
		{CFDF21B0-2495-4675-9289-11903DA3D34E}.Release|ARM.ActiveCfg = Release|Any CPU
		{CFDF21B0-2495-4675-9289-11903DA3D34E}.Release|ARM.Build.0 = Release|Any CPU
		{CFDF21B0-2495-4675-9289-11903DA3D34E}.Release|iPhone.ActiveCfg = Release|Any CPU
		{CFDF21B0-2495-4675-9289-11903DA3D34E}.Release|iPhone.Build.0 = Release|Any CPU
		{CFDF21B0-2495-4675-9289-11903DA3D34E}.Release|iPhoneSimulator.ActiveCfg = Release|Any CPU
		{CFDF21B0-2495-4675-9289-11903DA3D34E}.Release|iPhoneSimulator.Build.0 = Release|Any CPU
		{CFDF21B0-2495-4675-9289-11903DA3D34E}.Release|x64.ActiveCfg = Release|Any CPU
		{CFDF21B0-2495-4675-9289-11903DA3D34E}.Release|x64.Build.0 = Release|Any CPU
		{CFDF21B0-2495-4675-9289-11903DA3D34E}.Release|x86.ActiveCfg = Release|Any CPU
		{CFDF21B0-2495-4675-9289-11903DA3D34E}.Release|x86.Build.0 = Release|Any CPU
	EndGlobalSection
	GlobalSection(SolutionProperties) = preSolution
		HideSolutionNode = FALSE
	EndGlobalSection
EndGlobal
